<Solution>
  <Folder Name="/tests/">
    <Project Path="CloudGame.Test/CloudGame.Test.csproj" />
  </Folder>
  <Project Path="CloudGame.API/CloudGame.API.csproj" />
  <Project Path="CloudGame.Application/CloudGame.Application.csproj" />
  <Project Path="CloudGame.Domain/CloudGame.Domain.csproj" />
  <Project Path="CloudGame.Infrastructure/CloudGame.Infrastructure.csproj" />
</Solution>
